
Microsoft Visual Studio Solution File, Format Version 12.00
# Visual Studio Version 16
VisualStudioVersion = 16.0.30523.141
MinimumVisualStudioVersion = 15.0.26124.0
Project("{9A19103F-16F7-4668-BE54-9A1E7A4F7556}") = "Frank.Apps.AI.LanguageDetector", "Frank.Apps.AI.LanguageDetector\Frank.Apps.AI.LanguageDetector.csproj", "{EF81AE58-E043-4DB0-9C04-E7BEA965F7D7}"
EndProject
Project("{9A19103F-16F7-4668-BE54-9A1E7A4F7556}") = "Frank.Apps.YouTube", "Frank.Apps.YouTube\Frank.Apps.YouTube.csproj", "{A5858342-BDCC-4361-BEDA-6E9FFDD85D36}"
EndProject
Project("{9A19103F-16F7-4668-BE54-9A1E7A4F7556}") = "Frank.Apps.BuildTool.Cli", "Frank.Apps.BuildTool.Cli\Frank.Apps.BuildTool.Cli.csproj", "{0EE8CFC7-368A-4FCE-9FCA-D91C9E07EA9F}"
EndProject
Project("{9A19103F-16F7-4668-BE54-9A1E7A4F7556}") = "Frank.Apps.WorkflowEngine", "Frank.Apps.WorkflowEngine\Frank.Apps.WorkflowEngine.csproj", "{9CB2D9C9-D0B1-4EB3-91C5-E7284DBFD87A}"
EndProject
Project("{9A19103F-16F7-4668-BE54-9A1E7A4F7556}") = "Frank.Apps.UblGenerator", "Frank.Apps.UblGenerator\Frank.Apps.UblGenerator.csproj", "{6F35BD7E-D86D-46B3-9D16-17B1ABEE5EF8}"
EndProject
Project("{9A19103F-16F7-4668-BE54-9A1E7A4F7556}") = "Frank.Apps.XamlGenerator", "Frank.Apps.XamlGenerator\Frank.Apps.XamlGenerator.csproj", "{75C1D1DF-7308-413A-88D2-6C0708411438}"
EndProject
Project("{9A19103F-16F7-4668-BE54-9A1E7A4F7556}") = "Frank.Apps.RuntimeExecution", "Frank.Apps.RuntimeExecution\Frank.Apps.RuntimeExecution.csproj", "{5FC0E3F2-E5ED-4AF0-920C-70F3B4141D4D}"
EndProject
Project("{9A19103F-16F7-4668-BE54-9A1E7A4F7556}") = "Frank.Apps.NetworkScanner", "Frank.Apps.NetworkScanner\Frank.Apps.NetworkScanner.csproj", "{F2D77F0D-E5D8-48D6-9DDF-817FD0D0A143}"
EndProject
Project("{9A19103F-16F7-4668-BE54-9A1E7A4F7556}") = "Frank.Apps.Zipper", "Frank.Apps.Zipper\Frank.Apps.Zipper.csproj", "{C9061F2D-B09E-42F2-A5AD-DB2AA0308679}"
EndProject
Project("{2150E333-8FDC-42A3-9474-1A3956D46DE8}") = "Solution Items", "Solution Items", "{533993D8-97D0-46E6-8F70-83207D08F595}"
	ProjectSection(SolutionItems) = preProject
		.editorconfig = .editorconfig
	EndProjectSection
EndProject
Project("{9A19103F-16F7-4668-BE54-9A1E7A4F7556}") = "Frank.Apps.AI.Visualizations", "Frank.Apps.AI.Visualizations\Frank.Apps.AI.Visualizations.csproj", "{C38D151D-82FF-4A60-9FFC-BE1402DF730E}"
EndProject
Project("{9A19103F-16F7-4668-BE54-9A1E7A4F7556}") = "Frank.Apps.Snake", "Frank.Apps.Snake\Frank.Apps.Snake.csproj", "{5E2466B6-FC61-4CC1-A260-15E114BDC115}"
EndProject
Project("{9A19103F-16F7-4668-BE54-9A1E7A4F7556}") = "Frank.Apps.RockPaperScissor", "Frank.Apps.RockPaperScissor\Frank.Apps.RockPaperScissor.csproj", "{E3718C77-3A4C-45F6-A82F-76A28B51D945}"
EndProject
Project("{9A19103F-16F7-4668-BE54-9A1E7A4F7556}") = "Frank.Apps.AzureStorage", "Frank.Apps.AzureStorage\Frank.Apps.AzureStorage.csproj", "{471C5D61-E71C-45C9-AE9E-D709006DA912}"
EndProject
Project("{9A19103F-16F7-4668-BE54-9A1E7A4F7556}") = "Frank.Apps.VisualNovel", "Frank.Apps.VisualNovel\Frank.Apps.VisualNovel.csproj", "{F5C9E8E9-70F4-4648-867C-B6D0AFF4CFD7}"
EndProject
Project("{9A19103F-16F7-4668-BE54-9A1E7A4F7556}") = "Frank.Apps.MusicXmlTool", "Frank.Apps.MusicXmlTool\Frank.Apps.MusicXmlTool.csproj", "{D4E41674-5FA6-4FEE-91AF-C27190B68308}"
EndProject
Project("{9A19103F-16F7-4668-BE54-9A1E7A4F7556}") = "Frank.Apps.QuickEngine", "Frank.Apps.QuickEngine\Frank.Apps.QuickEngine.csproj", "{88C6BFBC-00A6-4C3A-BC8A-BE17FA66A62F}"
EndProject
Project("{9A19103F-16F7-4668-BE54-9A1E7A4F7556}") = "Frank.Apps.WindowSpawner", "Frank.Apps.WindowSpawner\Frank.Apps.WindowSpawner.csproj", "{4973E7B3-D684-47A9-A36A-6F2E52939EF3}"
EndProject
Project("{9A19103F-16F7-4668-BE54-9A1E7A4F7556}") = "Frank.Apps.FormSpawner", "Frank.Apps.FormSpawner\Frank.Apps.FormSpawner.csproj", "{6753FC89-FE47-4364-92DF-2AAEFD5CBCA9}"
EndProject
Project("{9A19103F-16F7-4668-BE54-9A1E7A4F7556}") = "Frank.Apps.DependencyInjectionWpf", "Frank.Apps.DependencyInjectionWpf\Frank.Apps.DependencyInjectionWpf.csproj", "{05CE2B99-0F34-4A8C-A138-9467AA0256BE}"
EndProject
Project("{9A19103F-16F7-4668-BE54-9A1E7A4F7556}") = "Frank.Apps.StarMap", "Frank.Apps.StarMap\Frank.Apps.StarMap.csproj", "{007ACF0B-EFFE-4ED8-AC29-C312C5EABD01}"
EndProject
Project("{9A19103F-16F7-4668-BE54-9A1E7A4F7556}") = "Frank.Apps.XamlTools", "Frank.Apps.XamlTools\Frank.Apps.XamlTools.csproj", "{D5A324DF-6F3E-4940-87E9-65F72F407C2E}"
EndProject
Project("{9A19103F-16F7-4668-BE54-9A1E7A4F7556}") = "Frank.Apps.Finance", "Frank.Apps.Finance\Frank.Apps.Finance.csproj", "{6916C3B5-60D0-4BD8-B959-410228233F5F}"
EndProject
Project("{FAE04EC0-301F-11D3-BF4B-00C04F79EFBC}") = "Frank.Apps.SolutionBuilder", "Frank.Apps.SolutionBuilder\Frank.Apps.SolutionBuilder.csproj", "{79DEA0EB-CF0C-42A7-AD15-F48D5F600950}"
EndProject
Project("{FAE04EC0-301F-11D3-BF4B-00C04F79EFBC}") = "Frank.Apps.Scheduler", "Frank.Apps.Scheduler\Frank.Apps.Scheduler.csproj", "{467891BE-7997-463F-B904-8738D4945D8D}"
EndProject
Global
	GlobalSection(SolutionConfigurationPlatforms) = preSolution
		Debug|Any CPU = Debug|Any CPU
		Debug|x64 = Debug|x64
		Debug|x86 = Debug|x86
		Release|Any CPU = Release|Any CPU
		Release|x64 = Release|x64
		Release|x86 = Release|x86
	EndGlobalSection
	GlobalSection(ProjectConfigurationPlatforms) = postSolution
		{EF81AE58-E043-4DB0-9C04-E7BEA965F7D7}.Debug|Any CPU.ActiveCfg = Debug|Any CPU
		{EF81AE58-E043-4DB0-9C04-E7BEA965F7D7}.Debug|Any CPU.Build.0 = Debug|Any CPU
		{EF81AE58-E043-4DB0-9C04-E7BEA965F7D7}.Debug|x64.ActiveCfg = Debug|Any CPU
		{EF81AE58-E043-4DB0-9C04-E7BEA965F7D7}.Debug|x64.Build.0 = Debug|Any CPU
		{EF81AE58-E043-4DB0-9C04-E7BEA965F7D7}.Debug|x86.ActiveCfg = Debug|Any CPU
		{EF81AE58-E043-4DB0-9C04-E7BEA965F7D7}.Debug|x86.Build.0 = Debug|Any CPU
		{EF81AE58-E043-4DB0-9C04-E7BEA965F7D7}.Release|Any CPU.ActiveCfg = Release|Any CPU
		{EF81AE58-E043-4DB0-9C04-E7BEA965F7D7}.Release|Any CPU.Build.0 = Release|Any CPU
		{EF81AE58-E043-4DB0-9C04-E7BEA965F7D7}.Release|x64.ActiveCfg = Release|Any CPU
		{EF81AE58-E043-4DB0-9C04-E7BEA965F7D7}.Release|x64.Build.0 = Release|Any CPU
		{EF81AE58-E043-4DB0-9C04-E7BEA965F7D7}.Release|x86.ActiveCfg = Release|Any CPU
		{EF81AE58-E043-4DB0-9C04-E7BEA965F7D7}.Release|x86.Build.0 = Release|Any CPU
		{A5858342-BDCC-4361-BEDA-6E9FFDD85D36}.Debug|Any CPU.ActiveCfg = Debug|Any CPU
		{A5858342-BDCC-4361-BEDA-6E9FFDD85D36}.Debug|Any CPU.Build.0 = Debug|Any CPU
		{A5858342-BDCC-4361-BEDA-6E9FFDD85D36}.Debug|x64.ActiveCfg = Debug|Any CPU
		{A5858342-BDCC-4361-BEDA-6E9FFDD85D36}.Debug|x64.Build.0 = Debug|Any CPU
		{A5858342-BDCC-4361-BEDA-6E9FFDD85D36}.Debug|x86.ActiveCfg = Debug|Any CPU
		{A5858342-BDCC-4361-BEDA-6E9FFDD85D36}.Debug|x86.Build.0 = Debug|Any CPU
		{A5858342-BDCC-4361-BEDA-6E9FFDD85D36}.Release|Any CPU.ActiveCfg = Release|Any CPU
		{A5858342-BDCC-4361-BEDA-6E9FFDD85D36}.Release|Any CPU.Build.0 = Release|Any CPU
		{A5858342-BDCC-4361-BEDA-6E9FFDD85D36}.Release|x64.ActiveCfg = Release|Any CPU
		{A5858342-BDCC-4361-BEDA-6E9FFDD85D36}.Release|x64.Build.0 = Release|Any CPU
		{A5858342-BDCC-4361-BEDA-6E9FFDD85D36}.Release|x86.ActiveCfg = Release|Any CPU
		{A5858342-BDCC-4361-BEDA-6E9FFDD85D36}.Release|x86.Build.0 = Release|Any CPU
		{0EE8CFC7-368A-4FCE-9FCA-D91C9E07EA9F}.Debug|Any CPU.ActiveCfg = Debug|Any CPU
		{0EE8CFC7-368A-4FCE-9FCA-D91C9E07EA9F}.Debug|Any CPU.Build.0 = Debug|Any CPU
		{0EE8CFC7-368A-4FCE-9FCA-D91C9E07EA9F}.Debug|x64.ActiveCfg = Debug|Any CPU
		{0EE8CFC7-368A-4FCE-9FCA-D91C9E07EA9F}.Debug|x64.Build.0 = Debug|Any CPU
		{0EE8CFC7-368A-4FCE-9FCA-D91C9E07EA9F}.Debug|x86.ActiveCfg = Debug|Any CPU
		{0EE8CFC7-368A-4FCE-9FCA-D91C9E07EA9F}.Debug|x86.Build.0 = Debug|Any CPU
		{0EE8CFC7-368A-4FCE-9FCA-D91C9E07EA9F}.Release|Any CPU.ActiveCfg = Release|Any CPU
		{0EE8CFC7-368A-4FCE-9FCA-D91C9E07EA9F}.Release|Any CPU.Build.0 = Release|Any CPU
		{0EE8CFC7-368A-4FCE-9FCA-D91C9E07EA9F}.Release|x64.ActiveCfg = Release|Any CPU
		{0EE8CFC7-368A-4FCE-9FCA-D91C9E07EA9F}.Release|x64.Build.0 = Release|Any CPU
		{0EE8CFC7-368A-4FCE-9FCA-D91C9E07EA9F}.Release|x86.ActiveCfg = Release|Any CPU
		{0EE8CFC7-368A-4FCE-9FCA-D91C9E07EA9F}.Release|x86.Build.0 = Release|Any CPU
		{9CB2D9C9-D0B1-4EB3-91C5-E7284DBFD87A}.Debug|Any CPU.ActiveCfg = Debug|Any CPU
		{9CB2D9C9-D0B1-4EB3-91C5-E7284DBFD87A}.Debug|Any CPU.Build.0 = Debug|Any CPU
		{9CB2D9C9-D0B1-4EB3-91C5-E7284DBFD87A}.Debug|x64.ActiveCfg = Debug|Any CPU
		{9CB2D9C9-D0B1-4EB3-91C5-E7284DBFD87A}.Debug|x64.Build.0 = Debug|Any CPU
		{9CB2D9C9-D0B1-4EB3-91C5-E7284DBFD87A}.Debug|x86.ActiveCfg = Debug|Any CPU
		{9CB2D9C9-D0B1-4EB3-91C5-E7284DBFD87A}.Debug|x86.Build.0 = Debug|Any CPU
		{9CB2D9C9-D0B1-4EB3-91C5-E7284DBFD87A}.Release|Any CPU.ActiveCfg = Release|Any CPU
		{9CB2D9C9-D0B1-4EB3-91C5-E7284DBFD87A}.Release|Any CPU.Build.0 = Release|Any CPU
		{9CB2D9C9-D0B1-4EB3-91C5-E7284DBFD87A}.Release|x64.ActiveCfg = Release|Any CPU
		{9CB2D9C9-D0B1-4EB3-91C5-E7284DBFD87A}.Release|x64.Build.0 = Release|Any CPU
		{9CB2D9C9-D0B1-4EB3-91C5-E7284DBFD87A}.Release|x86.ActiveCfg = Release|Any CPU
		{9CB2D9C9-D0B1-4EB3-91C5-E7284DBFD87A}.Release|x86.Build.0 = Release|Any CPU
		{6F35BD7E-D86D-46B3-9D16-17B1ABEE5EF8}.Debug|Any CPU.ActiveCfg = Debug|Any CPU
		{6F35BD7E-D86D-46B3-9D16-17B1ABEE5EF8}.Debug|Any CPU.Build.0 = Debug|Any CPU
		{6F35BD7E-D86D-46B3-9D16-17B1ABEE5EF8}.Debug|x64.ActiveCfg = Debug|Any CPU
		{6F35BD7E-D86D-46B3-9D16-17B1ABEE5EF8}.Debug|x64.Build.0 = Debug|Any CPU
		{6F35BD7E-D86D-46B3-9D16-17B1ABEE5EF8}.Debug|x86.ActiveCfg = Debug|Any CPU
		{6F35BD7E-D86D-46B3-9D16-17B1ABEE5EF8}.Debug|x86.Build.0 = Debug|Any CPU
		{6F35BD7E-D86D-46B3-9D16-17B1ABEE5EF8}.Release|Any CPU.ActiveCfg = Release|Any CPU
		{6F35BD7E-D86D-46B3-9D16-17B1ABEE5EF8}.Release|Any CPU.Build.0 = Release|Any CPU
		{6F35BD7E-D86D-46B3-9D16-17B1ABEE5EF8}.Release|x64.ActiveCfg = Release|Any CPU
		{6F35BD7E-D86D-46B3-9D16-17B1ABEE5EF8}.Release|x64.Build.0 = Release|Any CPU
		{6F35BD7E-D86D-46B3-9D16-17B1ABEE5EF8}.Release|x86.ActiveCfg = Release|Any CPU
		{6F35BD7E-D86D-46B3-9D16-17B1ABEE5EF8}.Release|x86.Build.0 = Release|Any CPU
		{75C1D1DF-7308-413A-88D2-6C0708411438}.Debug|Any CPU.ActiveCfg = Debug|Any CPU
		{75C1D1DF-7308-413A-88D2-6C0708411438}.Debug|Any CPU.Build.0 = Debug|Any CPU
		{75C1D1DF-7308-413A-88D2-6C0708411438}.Debug|x64.ActiveCfg = Debug|Any CPU
		{75C1D1DF-7308-413A-88D2-6C0708411438}.Debug|x64.Build.0 = Debug|Any CPU
		{75C1D1DF-7308-413A-88D2-6C0708411438}.Debug|x86.ActiveCfg = Debug|Any CPU
		{75C1D1DF-7308-413A-88D2-6C0708411438}.Debug|x86.Build.0 = Debug|Any CPU
		{75C1D1DF-7308-413A-88D2-6C0708411438}.Release|Any CPU.ActiveCfg = Release|Any CPU
		{75C1D1DF-7308-413A-88D2-6C0708411438}.Release|Any CPU.Build.0 = Release|Any CPU
		{75C1D1DF-7308-413A-88D2-6C0708411438}.Release|x64.ActiveCfg = Release|Any CPU
		{75C1D1DF-7308-413A-88D2-6C0708411438}.Release|x64.Build.0 = Release|Any CPU
		{75C1D1DF-7308-413A-88D2-6C0708411438}.Release|x86.ActiveCfg = Release|Any CPU
		{75C1D1DF-7308-413A-88D2-6C0708411438}.Release|x86.Build.0 = Release|Any CPU
		{5FC0E3F2-E5ED-4AF0-920C-70F3B4141D4D}.Debug|Any CPU.ActiveCfg = Debug|Any CPU
		{5FC0E3F2-E5ED-4AF0-920C-70F3B4141D4D}.Debug|Any CPU.Build.0 = Debug|Any CPU
		{5FC0E3F2-E5ED-4AF0-920C-70F3B4141D4D}.Debug|x64.ActiveCfg = Debug|Any CPU
		{5FC0E3F2-E5ED-4AF0-920C-70F3B4141D4D}.Debug|x64.Build.0 = Debug|Any CPU
		{5FC0E3F2-E5ED-4AF0-920C-70F3B4141D4D}.Debug|x86.ActiveCfg = Debug|Any CPU
		{5FC0E3F2-E5ED-4AF0-920C-70F3B4141D4D}.Debug|x86.Build.0 = Debug|Any CPU
		{5FC0E3F2-E5ED-4AF0-920C-70F3B4141D4D}.Release|Any CPU.ActiveCfg = Release|Any CPU
		{5FC0E3F2-E5ED-4AF0-920C-70F3B4141D4D}.Release|Any CPU.Build.0 = Release|Any CPU
		{5FC0E3F2-E5ED-4AF0-920C-70F3B4141D4D}.Release|x64.ActiveCfg = Release|Any CPU
		{5FC0E3F2-E5ED-4AF0-920C-70F3B4141D4D}.Release|x64.Build.0 = Release|Any CPU
		{5FC0E3F2-E5ED-4AF0-920C-70F3B4141D4D}.Release|x86.ActiveCfg = Release|Any CPU
		{5FC0E3F2-E5ED-4AF0-920C-70F3B4141D4D}.Release|x86.Build.0 = Release|Any CPU
		{F2D77F0D-E5D8-48D6-9DDF-817FD0D0A143}.Debug|Any CPU.ActiveCfg = Debug|Any CPU
		{F2D77F0D-E5D8-48D6-9DDF-817FD0D0A143}.Debug|Any CPU.Build.0 = Debug|Any CPU
		{F2D77F0D-E5D8-48D6-9DDF-817FD0D0A143}.Debug|x64.ActiveCfg = Debug|Any CPU
		{F2D77F0D-E5D8-48D6-9DDF-817FD0D0A143}.Debug|x64.Build.0 = Debug|Any CPU
		{F2D77F0D-E5D8-48D6-9DDF-817FD0D0A143}.Debug|x86.ActiveCfg = Debug|Any CPU
		{F2D77F0D-E5D8-48D6-9DDF-817FD0D0A143}.Debug|x86.Build.0 = Debug|Any CPU
		{F2D77F0D-E5D8-48D6-9DDF-817FD0D0A143}.Release|Any CPU.ActiveCfg = Release|Any CPU
		{F2D77F0D-E5D8-48D6-9DDF-817FD0D0A143}.Release|Any CPU.Build.0 = Release|Any CPU
		{F2D77F0D-E5D8-48D6-9DDF-817FD0D0A143}.Release|x64.ActiveCfg = Release|Any CPU
		{F2D77F0D-E5D8-48D6-9DDF-817FD0D0A143}.Release|x64.Build.0 = Release|Any CPU
		{F2D77F0D-E5D8-48D6-9DDF-817FD0D0A143}.Release|x86.ActiveCfg = Release|Any CPU
		{F2D77F0D-E5D8-48D6-9DDF-817FD0D0A143}.Release|x86.Build.0 = Release|Any CPU
		{C9061F2D-B09E-42F2-A5AD-DB2AA0308679}.Debug|Any CPU.ActiveCfg = Debug|Any CPU
		{C9061F2D-B09E-42F2-A5AD-DB2AA0308679}.Debug|Any CPU.Build.0 = Debug|Any CPU
		{C9061F2D-B09E-42F2-A5AD-DB2AA0308679}.Debug|x64.ActiveCfg = Debug|Any CPU
		{C9061F2D-B09E-42F2-A5AD-DB2AA0308679}.Debug|x64.Build.0 = Debug|Any CPU
		{C9061F2D-B09E-42F2-A5AD-DB2AA0308679}.Debug|x86.ActiveCfg = Debug|Any CPU
		{C9061F2D-B09E-42F2-A5AD-DB2AA0308679}.Debug|x86.Build.0 = Debug|Any CPU
		{C9061F2D-B09E-42F2-A5AD-DB2AA0308679}.Release|Any CPU.ActiveCfg = Release|Any CPU
		{C9061F2D-B09E-42F2-A5AD-DB2AA0308679}.Release|Any CPU.Build.0 = Release|Any CPU
		{C9061F2D-B09E-42F2-A5AD-DB2AA0308679}.Release|x64.ActiveCfg = Release|Any CPU
		{C9061F2D-B09E-42F2-A5AD-DB2AA0308679}.Release|x64.Build.0 = Release|Any CPU
		{C9061F2D-B09E-42F2-A5AD-DB2AA0308679}.Release|x86.ActiveCfg = Release|Any CPU
		{C9061F2D-B09E-42F2-A5AD-DB2AA0308679}.Release|x86.Build.0 = Release|Any CPU
		{C38D151D-82FF-4A60-9FFC-BE1402DF730E}.Debug|Any CPU.ActiveCfg = Debug|Any CPU
		{C38D151D-82FF-4A60-9FFC-BE1402DF730E}.Debug|Any CPU.Build.0 = Debug|Any CPU
		{C38D151D-82FF-4A60-9FFC-BE1402DF730E}.Debug|x64.ActiveCfg = Debug|Any CPU
		{C38D151D-82FF-4A60-9FFC-BE1402DF730E}.Debug|x64.Build.0 = Debug|Any CPU
		{C38D151D-82FF-4A60-9FFC-BE1402DF730E}.Debug|x86.ActiveCfg = Debug|Any CPU
		{C38D151D-82FF-4A60-9FFC-BE1402DF730E}.Debug|x86.Build.0 = Debug|Any CPU
		{C38D151D-82FF-4A60-9FFC-BE1402DF730E}.Release|Any CPU.ActiveCfg = Release|Any CPU
		{C38D151D-82FF-4A60-9FFC-BE1402DF730E}.Release|Any CPU.Build.0 = Release|Any CPU
		{C38D151D-82FF-4A60-9FFC-BE1402DF730E}.Release|x64.ActiveCfg = Release|Any CPU
		{C38D151D-82FF-4A60-9FFC-BE1402DF730E}.Release|x64.Build.0 = Release|Any CPU
		{C38D151D-82FF-4A60-9FFC-BE1402DF730E}.Release|x86.ActiveCfg = Release|Any CPU
		{C38D151D-82FF-4A60-9FFC-BE1402DF730E}.Release|x86.Build.0 = Release|Any CPU
		{5E2466B6-FC61-4CC1-A260-15E114BDC115}.Debug|Any CPU.ActiveCfg = Debug|Any CPU
		{5E2466B6-FC61-4CC1-A260-15E114BDC115}.Debug|Any CPU.Build.0 = Debug|Any CPU
		{5E2466B6-FC61-4CC1-A260-15E114BDC115}.Debug|x64.ActiveCfg = Debug|Any CPU
		{5E2466B6-FC61-4CC1-A260-15E114BDC115}.Debug|x64.Build.0 = Debug|Any CPU
		{5E2466B6-FC61-4CC1-A260-15E114BDC115}.Debug|x86.ActiveCfg = Debug|Any CPU
		{5E2466B6-FC61-4CC1-A260-15E114BDC115}.Debug|x86.Build.0 = Debug|Any CPU
		{5E2466B6-FC61-4CC1-A260-15E114BDC115}.Release|Any CPU.ActiveCfg = Release|Any CPU
		{5E2466B6-FC61-4CC1-A260-15E114BDC115}.Release|Any CPU.Build.0 = Release|Any CPU
		{5E2466B6-FC61-4CC1-A260-15E114BDC115}.Release|x64.ActiveCfg = Release|Any CPU
		{5E2466B6-FC61-4CC1-A260-15E114BDC115}.Release|x64.Build.0 = Release|Any CPU
		{5E2466B6-FC61-4CC1-A260-15E114BDC115}.Release|x86.ActiveCfg = Release|Any CPU
		{5E2466B6-FC61-4CC1-A260-15E114BDC115}.Release|x86.Build.0 = Release|Any CPU
		{E3718C77-3A4C-45F6-A82F-76A28B51D945}.Debug|Any CPU.ActiveCfg = Debug|Any CPU
		{E3718C77-3A4C-45F6-A82F-76A28B51D945}.Debug|Any CPU.Build.0 = Debug|Any CPU
		{E3718C77-3A4C-45F6-A82F-76A28B51D945}.Debug|x64.ActiveCfg = Debug|Any CPU
		{E3718C77-3A4C-45F6-A82F-76A28B51D945}.Debug|x64.Build.0 = Debug|Any CPU
		{E3718C77-3A4C-45F6-A82F-76A28B51D945}.Debug|x86.ActiveCfg = Debug|Any CPU
		{E3718C77-3A4C-45F6-A82F-76A28B51D945}.Debug|x86.Build.0 = Debug|Any CPU
		{E3718C77-3A4C-45F6-A82F-76A28B51D945}.Release|Any CPU.ActiveCfg = Release|Any CPU
		{E3718C77-3A4C-45F6-A82F-76A28B51D945}.Release|Any CPU.Build.0 = Release|Any CPU
		{E3718C77-3A4C-45F6-A82F-76A28B51D945}.Release|x64.ActiveCfg = Release|Any CPU
		{E3718C77-3A4C-45F6-A82F-76A28B51D945}.Release|x64.Build.0 = Release|Any CPU
		{E3718C77-3A4C-45F6-A82F-76A28B51D945}.Release|x86.ActiveCfg = Release|Any CPU
		{E3718C77-3A4C-45F6-A82F-76A28B51D945}.Release|x86.Build.0 = Release|Any CPU
		{471C5D61-E71C-45C9-AE9E-D709006DA912}.Debug|Any CPU.ActiveCfg = Debug|Any CPU
		{471C5D61-E71C-45C9-AE9E-D709006DA912}.Debug|Any CPU.Build.0 = Debug|Any CPU
		{471C5D61-E71C-45C9-AE9E-D709006DA912}.Debug|x64.ActiveCfg = Debug|Any CPU
		{471C5D61-E71C-45C9-AE9E-D709006DA912}.Debug|x64.Build.0 = Debug|Any CPU
		{471C5D61-E71C-45C9-AE9E-D709006DA912}.Debug|x86.ActiveCfg = Debug|Any CPU
		{471C5D61-E71C-45C9-AE9E-D709006DA912}.Debug|x86.Build.0 = Debug|Any CPU
		{471C5D61-E71C-45C9-AE9E-D709006DA912}.Release|Any CPU.ActiveCfg = Release|Any CPU
		{471C5D61-E71C-45C9-AE9E-D709006DA912}.Release|Any CPU.Build.0 = Release|Any CPU
		{471C5D61-E71C-45C9-AE9E-D709006DA912}.Release|x64.ActiveCfg = Release|Any CPU
		{471C5D61-E71C-45C9-AE9E-D709006DA912}.Release|x64.Build.0 = Release|Any CPU
		{471C5D61-E71C-45C9-AE9E-D709006DA912}.Release|x86.ActiveCfg = Release|Any CPU
		{471C5D61-E71C-45C9-AE9E-D709006DA912}.Release|x86.Build.0 = Release|Any CPU
		{F5C9E8E9-70F4-4648-867C-B6D0AFF4CFD7}.Debug|Any CPU.ActiveCfg = Debug|Any CPU
		{F5C9E8E9-70F4-4648-867C-B6D0AFF4CFD7}.Debug|Any CPU.Build.0 = Debug|Any CPU
		{F5C9E8E9-70F4-4648-867C-B6D0AFF4CFD7}.Debug|x64.ActiveCfg = Debug|Any CPU
		{F5C9E8E9-70F4-4648-867C-B6D0AFF4CFD7}.Debug|x64.Build.0 = Debug|Any CPU
		{F5C9E8E9-70F4-4648-867C-B6D0AFF4CFD7}.Debug|x86.ActiveCfg = Debug|Any CPU
		{F5C9E8E9-70F4-4648-867C-B6D0AFF4CFD7}.Debug|x86.Build.0 = Debug|Any CPU
		{F5C9E8E9-70F4-4648-867C-B6D0AFF4CFD7}.Release|Any CPU.ActiveCfg = Release|Any CPU
		{F5C9E8E9-70F4-4648-867C-B6D0AFF4CFD7}.Release|Any CPU.Build.0 = Release|Any CPU
		{F5C9E8E9-70F4-4648-867C-B6D0AFF4CFD7}.Release|x64.ActiveCfg = Release|Any CPU
		{F5C9E8E9-70F4-4648-867C-B6D0AFF4CFD7}.Release|x64.Build.0 = Release|Any CPU
		{F5C9E8E9-70F4-4648-867C-B6D0AFF4CFD7}.Release|x86.ActiveCfg = Release|Any CPU
		{F5C9E8E9-70F4-4648-867C-B6D0AFF4CFD7}.Release|x86.Build.0 = Release|Any CPU
		{D4E41674-5FA6-4FEE-91AF-C27190B68308}.Debug|Any CPU.ActiveCfg = Debug|Any CPU
		{D4E41674-5FA6-4FEE-91AF-C27190B68308}.Debug|Any CPU.Build.0 = Debug|Any CPU
		{D4E41674-5FA6-4FEE-91AF-C27190B68308}.Debug|x64.ActiveCfg = Debug|Any CPU
		{D4E41674-5FA6-4FEE-91AF-C27190B68308}.Debug|x64.Build.0 = Debug|Any CPU
		{D4E41674-5FA6-4FEE-91AF-C27190B68308}.Debug|x86.ActiveCfg = Debug|Any CPU
		{D4E41674-5FA6-4FEE-91AF-C27190B68308}.Debug|x86.Build.0 = Debug|Any CPU
		{D4E41674-5FA6-4FEE-91AF-C27190B68308}.Release|Any CPU.ActiveCfg = Release|Any CPU
		{D4E41674-5FA6-4FEE-91AF-C27190B68308}.Release|Any CPU.Build.0 = Release|Any CPU
		{D4E41674-5FA6-4FEE-91AF-C27190B68308}.Release|x64.ActiveCfg = Release|Any CPU
		{D4E41674-5FA6-4FEE-91AF-C27190B68308}.Release|x64.Build.0 = Release|Any CPU
		{D4E41674-5FA6-4FEE-91AF-C27190B68308}.Release|x86.ActiveCfg = Release|Any CPU
		{D4E41674-5FA6-4FEE-91AF-C27190B68308}.Release|x86.Build.0 = Release|Any CPU
		{88C6BFBC-00A6-4C3A-BC8A-BE17FA66A62F}.Debug|Any CPU.ActiveCfg = Debug|Any CPU
		{88C6BFBC-00A6-4C3A-BC8A-BE17FA66A62F}.Debug|Any CPU.Build.0 = Debug|Any CPU
		{88C6BFBC-00A6-4C3A-BC8A-BE17FA66A62F}.Debug|x64.ActiveCfg = Debug|Any CPU
		{88C6BFBC-00A6-4C3A-BC8A-BE17FA66A62F}.Debug|x64.Build.0 = Debug|Any CPU
		{88C6BFBC-00A6-4C3A-BC8A-BE17FA66A62F}.Debug|x86.ActiveCfg = Debug|Any CPU
		{88C6BFBC-00A6-4C3A-BC8A-BE17FA66A62F}.Debug|x86.Build.0 = Debug|Any CPU
		{88C6BFBC-00A6-4C3A-BC8A-BE17FA66A62F}.Release|Any CPU.ActiveCfg = Release|Any CPU
		{88C6BFBC-00A6-4C3A-BC8A-BE17FA66A62F}.Release|Any CPU.Build.0 = Release|Any CPU
		{88C6BFBC-00A6-4C3A-BC8A-BE17FA66A62F}.Release|x64.ActiveCfg = Release|Any CPU
		{88C6BFBC-00A6-4C3A-BC8A-BE17FA66A62F}.Release|x64.Build.0 = Release|Any CPU
		{88C6BFBC-00A6-4C3A-BC8A-BE17FA66A62F}.Release|x86.ActiveCfg = Release|Any CPU
		{88C6BFBC-00A6-4C3A-BC8A-BE17FA66A62F}.Release|x86.Build.0 = Release|Any CPU
		{4973E7B3-D684-47A9-A36A-6F2E52939EF3}.Debug|Any CPU.ActiveCfg = Debug|Any CPU
		{4973E7B3-D684-47A9-A36A-6F2E52939EF3}.Debug|Any CPU.Build.0 = Debug|Any CPU
		{4973E7B3-D684-47A9-A36A-6F2E52939EF3}.Debug|x64.ActiveCfg = Debug|Any CPU
		{4973E7B3-D684-47A9-A36A-6F2E52939EF3}.Debug|x64.Build.0 = Debug|Any CPU
		{4973E7B3-D684-47A9-A36A-6F2E52939EF3}.Debug|x86.ActiveCfg = Debug|Any CPU
		{4973E7B3-D684-47A9-A36A-6F2E52939EF3}.Debug|x86.Build.0 = Debug|Any CPU
		{4973E7B3-D684-47A9-A36A-6F2E52939EF3}.Release|Any CPU.ActiveCfg = Release|Any CPU
		{4973E7B3-D684-47A9-A36A-6F2E52939EF3}.Release|Any CPU.Build.0 = Release|Any CPU
		{4973E7B3-D684-47A9-A36A-6F2E52939EF3}.Release|x64.ActiveCfg = Release|Any CPU
		{4973E7B3-D684-47A9-A36A-6F2E52939EF3}.Release|x64.Build.0 = Release|Any CPU
		{4973E7B3-D684-47A9-A36A-6F2E52939EF3}.Release|x86.ActiveCfg = Release|Any CPU
		{4973E7B3-D684-47A9-A36A-6F2E52939EF3}.Release|x86.Build.0 = Release|Any CPU
		{6753FC89-FE47-4364-92DF-2AAEFD5CBCA9}.Debug|Any CPU.ActiveCfg = Debug|Any CPU
		{6753FC89-FE47-4364-92DF-2AAEFD5CBCA9}.Debug|Any CPU.Build.0 = Debug|Any CPU
		{6753FC89-FE47-4364-92DF-2AAEFD5CBCA9}.Debug|x64.ActiveCfg = Debug|Any CPU
		{6753FC89-FE47-4364-92DF-2AAEFD5CBCA9}.Debug|x64.Build.0 = Debug|Any CPU
		{6753FC89-FE47-4364-92DF-2AAEFD5CBCA9}.Debug|x86.ActiveCfg = Debug|Any CPU
		{6753FC89-FE47-4364-92DF-2AAEFD5CBCA9}.Debug|x86.Build.0 = Debug|Any CPU
		{6753FC89-FE47-4364-92DF-2AAEFD5CBCA9}.Release|Any CPU.ActiveCfg = Release|Any CPU
		{6753FC89-FE47-4364-92DF-2AAEFD5CBCA9}.Release|Any CPU.Build.0 = Release|Any CPU
		{6753FC89-FE47-4364-92DF-2AAEFD5CBCA9}.Release|x64.ActiveCfg = Release|Any CPU
		{6753FC89-FE47-4364-92DF-2AAEFD5CBCA9}.Release|x64.Build.0 = Release|Any CPU
		{6753FC89-FE47-4364-92DF-2AAEFD5CBCA9}.Release|x86.ActiveCfg = Release|Any CPU
		{6753FC89-FE47-4364-92DF-2AAEFD5CBCA9}.Release|x86.Build.0 = Release|Any CPU
		{05CE2B99-0F34-4A8C-A138-9467AA0256BE}.Debug|Any CPU.ActiveCfg = Debug|Any CPU
		{05CE2B99-0F34-4A8C-A138-9467AA0256BE}.Debug|Any CPU.Build.0 = Debug|Any CPU
		{05CE2B99-0F34-4A8C-A138-9467AA0256BE}.Debug|x64.ActiveCfg = Debug|Any CPU
		{05CE2B99-0F34-4A8C-A138-9467AA0256BE}.Debug|x64.Build.0 = Debug|Any CPU
		{05CE2B99-0F34-4A8C-A138-9467AA0256BE}.Debug|x86.ActiveCfg = Debug|Any CPU
		{05CE2B99-0F34-4A8C-A138-9467AA0256BE}.Debug|x86.Build.0 = Debug|Any CPU
		{05CE2B99-0F34-4A8C-A138-9467AA0256BE}.Release|Any CPU.ActiveCfg = Release|Any CPU
		{05CE2B99-0F34-4A8C-A138-9467AA0256BE}.Release|Any CPU.Build.0 = Release|Any CPU
		{05CE2B99-0F34-4A8C-A138-9467AA0256BE}.Release|x64.ActiveCfg = Release|Any CPU
		{05CE2B99-0F34-4A8C-A138-9467AA0256BE}.Release|x64.Build.0 = Release|Any CPU
		{05CE2B99-0F34-4A8C-A138-9467AA0256BE}.Release|x86.ActiveCfg = Release|Any CPU
		{05CE2B99-0F34-4A8C-A138-9467AA0256BE}.Release|x86.Build.0 = Release|Any CPU
		{007ACF0B-EFFE-4ED8-AC29-C312C5EABD01}.Debug|Any CPU.ActiveCfg = Debug|Any CPU
		{007ACF0B-EFFE-4ED8-AC29-C312C5EABD01}.Debug|Any CPU.Build.0 = Debug|Any CPU
		{007ACF0B-EFFE-4ED8-AC29-C312C5EABD01}.Debug|x64.ActiveCfg = Debug|Any CPU
		{007ACF0B-EFFE-4ED8-AC29-C312C5EABD01}.Debug|x64.Build.0 = Debug|Any CPU
		{007ACF0B-EFFE-4ED8-AC29-C312C5EABD01}.Debug|x86.ActiveCfg = Debug|Any CPU
		{007ACF0B-EFFE-4ED8-AC29-C312C5EABD01}.Debug|x86.Build.0 = Debug|Any CPU
		{007ACF0B-EFFE-4ED8-AC29-C312C5EABD01}.Release|Any CPU.ActiveCfg = Release|Any CPU
		{007ACF0B-EFFE-4ED8-AC29-C312C5EABD01}.Release|Any CPU.Build.0 = Release|Any CPU
		{007ACF0B-EFFE-4ED8-AC29-C312C5EABD01}.Release|x64.ActiveCfg = Release|Any CPU
		{007ACF0B-EFFE-4ED8-AC29-C312C5EABD01}.Release|x64.Build.0 = Release|Any CPU
		{007ACF0B-EFFE-4ED8-AC29-C312C5EABD01}.Release|x86.ActiveCfg = Release|Any CPU
		{007ACF0B-EFFE-4ED8-AC29-C312C5EABD01}.Release|x86.Build.0 = Release|Any CPU
		{D5A324DF-6F3E-4940-87E9-65F72F407C2E}.Debug|Any CPU.ActiveCfg = Debug|Any CPU
		{D5A324DF-6F3E-4940-87E9-65F72F407C2E}.Debug|Any CPU.Build.0 = Debug|Any CPU
		{D5A324DF-6F3E-4940-87E9-65F72F407C2E}.Debug|x64.ActiveCfg = Debug|Any CPU
		{D5A324DF-6F3E-4940-87E9-65F72F407C2E}.Debug|x64.Build.0 = Debug|Any CPU
		{D5A324DF-6F3E-4940-87E9-65F72F407C2E}.Debug|x86.ActiveCfg = Debug|Any CPU
		{D5A324DF-6F3E-4940-87E9-65F72F407C2E}.Debug|x86.Build.0 = Debug|Any CPU
		{D5A324DF-6F3E-4940-87E9-65F72F407C2E}.Release|Any CPU.ActiveCfg = Release|Any CPU
		{D5A324DF-6F3E-4940-87E9-65F72F407C2E}.Release|Any CPU.Build.0 = Release|Any CPU
		{D5A324DF-6F3E-4940-87E9-65F72F407C2E}.Release|x64.ActiveCfg = Release|Any CPU
		{D5A324DF-6F3E-4940-87E9-65F72F407C2E}.Release|x64.Build.0 = Release|Any CPU
		{D5A324DF-6F3E-4940-87E9-65F72F407C2E}.Release|x86.ActiveCfg = Release|Any CPU
		{D5A324DF-6F3E-4940-87E9-65F72F407C2E}.Release|x86.Build.0 = Release|Any CPU
		{6916C3B5-60D0-4BD8-B959-410228233F5F}.Debug|Any CPU.ActiveCfg = Debug|Any CPU
		{6916C3B5-60D0-4BD8-B959-410228233F5F}.Debug|Any CPU.Build.0 = Debug|Any CPU
		{6916C3B5-60D0-4BD8-B959-410228233F5F}.Debug|x64.ActiveCfg = Debug|Any CPU
		{6916C3B5-60D0-4BD8-B959-410228233F5F}.Debug|x64.Build.0 = Debug|Any CPU
		{6916C3B5-60D0-4BD8-B959-410228233F5F}.Debug|x86.ActiveCfg = Debug|Any CPU
		{6916C3B5-60D0-4BD8-B959-410228233F5F}.Debug|x86.Build.0 = Debug|Any CPU
		{6916C3B5-60D0-4BD8-B959-410228233F5F}.Release|Any CPU.ActiveCfg = Release|Any CPU
		{6916C3B5-60D0-4BD8-B959-410228233F5F}.Release|Any CPU.Build.0 = Release|Any CPU
		{6916C3B5-60D0-4BD8-B959-410228233F5F}.Release|x64.ActiveCfg = Release|Any CPU
		{6916C3B5-60D0-4BD8-B959-410228233F5F}.Release|x64.Build.0 = Release|Any CPU
		{6916C3B5-60D0-4BD8-B959-410228233F5F}.Release|x86.ActiveCfg = Release|Any CPU
		{6916C3B5-60D0-4BD8-B959-410228233F5F}.Release|x86.Build.0 = Release|Any CPU
		{79DEA0EB-CF0C-42A7-AD15-F48D5F600950}.Debug|Any CPU.ActiveCfg = Debug|Any CPU
		{79DEA0EB-CF0C-42A7-AD15-F48D5F600950}.Debug|Any CPU.Build.0 = Debug|Any CPU
		{79DEA0EB-CF0C-42A7-AD15-F48D5F600950}.Debug|x64.ActiveCfg = Debug|Any CPU
		{79DEA0EB-CF0C-42A7-AD15-F48D5F600950}.Debug|x64.Build.0 = Debug|Any CPU
		{79DEA0EB-CF0C-42A7-AD15-F48D5F600950}.Debug|x86.ActiveCfg = Debug|Any CPU
		{79DEA0EB-CF0C-42A7-AD15-F48D5F600950}.Debug|x86.Build.0 = Debug|Any CPU
		{79DEA0EB-CF0C-42A7-AD15-F48D5F600950}.Release|Any CPU.ActiveCfg = Release|Any CPU
		{79DEA0EB-CF0C-42A7-AD15-F48D5F600950}.Release|Any CPU.Build.0 = Release|Any CPU
		{79DEA0EB-CF0C-42A7-AD15-F48D5F600950}.Release|x64.ActiveCfg = Release|Any CPU
		{79DEA0EB-CF0C-42A7-AD15-F48D5F600950}.Release|x64.Build.0 = Release|Any CPU
		{79DEA0EB-CF0C-42A7-AD15-F48D5F600950}.Release|x86.ActiveCfg = Release|Any CPU
		{79DEA0EB-CF0C-42A7-AD15-F48D5F600950}.Release|x86.Build.0 = Release|Any CPU
		{467891BE-7997-463F-B904-8738D4945D8D}.Debug|Any CPU.ActiveCfg = Debug|Any CPU
		{467891BE-7997-463F-B904-8738D4945D8D}.Debug|Any CPU.Build.0 = Debug|Any CPU
		{467891BE-7997-463F-B904-8738D4945D8D}.Debug|x64.ActiveCfg = Debug|Any CPU
		{467891BE-7997-463F-B904-8738D4945D8D}.Debug|x64.Build.0 = Debug|Any CPU
		{467891BE-7997-463F-B904-8738D4945D8D}.Debug|x86.ActiveCfg = Debug|Any CPU
		{467891BE-7997-463F-B904-8738D4945D8D}.Debug|x86.Build.0 = Debug|Any CPU
		{467891BE-7997-463F-B904-8738D4945D8D}.Release|Any CPU.ActiveCfg = Release|Any CPU
		{467891BE-7997-463F-B904-8738D4945D8D}.Release|Any CPU.Build.0 = Release|Any CPU
		{467891BE-7997-463F-B904-8738D4945D8D}.Release|x64.ActiveCfg = Release|Any CPU
		{467891BE-7997-463F-B904-8738D4945D8D}.Release|x64.Build.0 = Release|Any CPU
		{467891BE-7997-463F-B904-8738D4945D8D}.Release|x86.ActiveCfg = Release|Any CPU
		{467891BE-7997-463F-B904-8738D4945D8D}.Release|x86.Build.0 = Release|Any CPU
	EndGlobalSection
	GlobalSection(SolutionProperties) = preSolution
		HideSolutionNode = FALSE
	EndGlobalSection
	GlobalSection(ExtensibilityGlobals) = postSolution
		SolutionGuid = {ECF21DB1-368A-4246-BA6A-F5A927BE057A}
	EndGlobalSection
EndGlobal
