
Microsoft Visual Studio Solution File, Format Version 12.00
# Visual Studio Version 16
VisualStudioVersion = 16.0.31220.234
MinimumVisualStudioVersion = 10.0.40219.1
Project("{9A19103F-16F7-4668-BE54-9A1E7A4F7556}") = "Frank.Apps.Maui", "Frank.Apps.Maui\Frank.Apps.Maui.csproj", "{2855911F-3700-435E-A52E-267E96EA32D4}"
EndProject
Project("{9A19103F-16F7-4668-BE54-9A1E7A4F7556}") = "Frank.Apps.Maui.WinUI", "Frank.Apps.Maui.WinUI\Frank.Apps.Maui.WinUI.csproj", "{E6D15DF5-64A2-42C6-91E8-D0BF8C3912F8}"
EndProject
Global
	GlobalSection(SolutionConfigurationPlatforms) = preSolution
		Debug|Any CPU = Debug|Any CPU
		Release|Any CPU = Release|Any CPU
	EndGlobalSection
	GlobalSection(ProjectConfigurationPlatforms) = postSolution
		{2855911F-3700-435E-A52E-267E96EA32D4}.Debug|Any CPU.ActiveCfg = Debug|Any CPU
		{2855911F-3700-435E-A52E-267E96EA32D4}.Debug|Any CPU.Build.0 = Debug|Any CPU
		{2855911F-3700-435E-A52E-267E96EA32D4}.Debug|Any CPU.Deploy.0 = Debug|Any CPU
		{2855911F-3700-435E-A52E-267E96EA32D4}.Release|Any CPU.ActiveCfg = Release|Any CPU
		{2855911F-3700-435E-A52E-267E96EA32D4}.Release|Any CPU.Build.0 = Release|Any CPU
		{2855911F-3700-435E-A52E-267E96EA32D4}.Release|Any CPU.Deploy.0 = Release|Any CPU
		{E6D15DF5-64A2-42C6-91E8-D0BF8C3912F8}.Debug|Any CPU.ActiveCfg = Debug|Any CPU
		{E6D15DF5-64A2-42C6-91E8-D0BF8C3912F8}.Debug|Any CPU.Build.0 = Debug|Any CPU
		{E6D15DF5-64A2-42C6-91E8-D0BF8C3912F8}.Debug|Any CPU.Deploy.0 = Debug|Any CPU
		{E6D15DF5-64A2-42C6-91E8-D0BF8C3912F8}.Release|Any CPU.ActiveCfg = Release|Any CPU
		{E6D15DF5-64A2-42C6-91E8-D0BF8C3912F8}.Release|Any CPU.Build.0 = Release|Any CPU
		{E6D15DF5-64A2-42C6-91E8-D0BF8C3912F8}.Release|Any CPU.Deploy.0 = Release|Any CPU
	EndGlobalSection
	GlobalSection(SolutionProperties) = preSolution
		HideSolutionNode = FALSE
	EndGlobalSection
	GlobalSection(ExtensibilityGlobals) = postSolution
		SolutionGuid = {61F7FB11-1E47-470C-91E2-47F8143E1572}
	EndGlobalSection
EndGlobal
